
Microsoft Visual Studio Solution File, Format Version 12.00
# Visual Studio 15
VisualStudioVersion = 15.0.28307.1401
MinimumVisualStudioVersion = 10.0.40219.1
Project("{FAE04EC0-301F-11D3-BF4B-00C04F79EFBC}") = "automação_sef", "automação_sef\automação_sef.csproj", "{F81DB6C1-CACD-46E7-927C-7D7D3EA498D0}"
EndProject
Global
	GlobalSection(SolutionConfigurationPlatforms) = preSolution
		Debug|Any CPU = Debug|Any CPU
		Release|Any CPU = Release|Any CPU
	EndGlobalSection
	GlobalSection(ProjectConfigurationPlatforms) = postSolution
		{F81DB6C1-CACD-46E7-927C-7D7D3EA498D0}.Debug|Any CPU.ActiveCfg = Debug|Any CPU
		{F81DB6C1-CACD-46E7-927C-7D7D3EA498D0}.Debug|Any CPU.Build.0 = Debug|Any CPU
		{F81DB6C1-CACD-46E7-927C-7D7D3EA498D0}.Release|Any CPU.ActiveCfg = Release|Any CPU
		{F81DB6C1-CACD-46E7-927C-7D7D3EA498D0}.Release|Any CPU.Build.0 = Release|Any CPU
	EndGlobalSection
	GlobalSection(SolutionProperties) = preSolution
		HideSolutionNode = FALSE
	EndGlobalSection
	GlobalSection(ExtensibilityGlobals) = postSolution
		SolutionGuid = {AEF550BF-D0AA-40C0-8DF9-370054E304E6}
	EndGlobalSection
EndGlobal
